{
	"name": "@ez-elements/jsx",
	"version": "0.0.2",
	"lockfileVersion": 1,
	"requires": true,
	"dependencies": {
		"@ez-elements/core": {
			"version": "0.0.1",
			"resolved": "https://registry.npmjs.org/@ez-elements/core/-/core-0.0.1.tgz",
			"integrity": "sha512-yXHIcknOGTrpaVNo+aIfNIx0OnZazdOFFMbjtXFHKgVFiT1JvIUn4gyAovldnGpsxQ3Bvn6deda3NesGWo2yQA==",
			"dev": true
		}
	}
}
