{
	"name": "ez-elements",
	"version": "0.0.7",
	"lockfileVersion": 1,
	"requires": true,
	"dependencies": {
		"@ez-elements/core": {
			"version": "0.0.1",
			"resolved": "https://registry.npmjs.org/@ez-elements/core/-/core-0.0.1.tgz",
			"integrity": "sha512-yXHIcknOGTrpaVNo+aIfNIx0OnZazdOFFMbjtXFHKgVFiT1JvIUn4gyAovldnGpsxQ3Bvn6deda3NesGWo2yQA=="
		},
		"@ez-elements/inputs": {
			"version": "0.0.1",
			"resolved": "https://registry.npmjs.org/@ez-elements/inputs/-/inputs-0.0.1.tgz",
			"integrity": "sha512-NcFXOv8h6kb6CYPfVPDFZzTjncJj7u9RdDBv2utxc89T2zRuHItrKm138W1rDclkeYhHitPVMkO3j0RB2jtQeQ=="
		},
		"@ez-elements/jsx": {
			"version": "0.0.1",
			"resolved": "https://registry.npmjs.org/@ez-elements/jsx/-/jsx-0.0.1.tgz",
			"integrity": "sha512-Hv/JX6eRbfNTR9qxHQkYIfEu4WGYQhYczHcBCuzo+HDiFkS28FkImi6pgQUZXEMneRmEsdgDCg/gVpsktfVZdg=="
		},
		"@ez-elements/shadow": {
			"version": "0.0.1",
			"resolved": "https://registry.npmjs.org/@ez-elements/shadow/-/shadow-0.0.1.tgz",
			"integrity": "sha512-0tf4GIhqWK8IM6/7Z/bQJpMGZ1HXa5bkaYujEW6+xWb0EWFBbNvSQr9+uVXBw7NgHLEwO3VQUEmUuXLx8X144A=="
		}
	}
}
